
Microsoft Visual Studio Solution File, Format Version 11.00
# Visual Studio 2010
Project("{FAE04EC0-301F-11D3-BF4B-00C04F79EFBC}") = "Assembly-CSharp", "Assembly-CSharp.csproj", "{1D24F0B1-FAB8-670C-FAEB-5604EE3D9FC5}"
EndProject
Project("{FAE04EC0-301F-11D3-BF4B-00C04F79EFBC}") = "Assembly-CSharp-Editor", "Assembly-CSharp-Editor.csproj", "{410A2DF1-A9A3-0B7F-C570-6975F31C983B}"
EndProject
Global
	GlobalSection(SolutionConfigurationPlatforms) = preSolution
		Debug|Any CPU = Debug|Any CPU
		Release|Any CPU = Release|Any CPU
	EndGlobalSection
	GlobalSection(ProjectConfigurationPlatforms) = postSolution
		{1D24F0B1-FAB8-670C-FAEB-5604EE3D9FC5}.Debug|Any CPU.ActiveCfg = Debug|Any CPU
		{1D24F0B1-FAB8-670C-FAEB-5604EE3D9FC5}.Debug|Any CPU.Build.0 = Debug|Any CPU
		{1D24F0B1-FAB8-670C-FAEB-5604EE3D9FC5}.Release|Any CPU.ActiveCfg = Release|Any CPU
		{1D24F0B1-FAB8-670C-FAEB-5604EE3D9FC5}.Release|Any CPU.Build.0 = Release|Any CPU
		{410A2DF1-A9A3-0B7F-C570-6975F31C983B}.Debug|Any CPU.ActiveCfg = Debug|Any CPU
		{410A2DF1-A9A3-0B7F-C570-6975F31C983B}.Debug|Any CPU.Build.0 = Debug|Any CPU
		{410A2DF1-A9A3-0B7F-C570-6975F31C983B}.Release|Any CPU.ActiveCfg = Release|Any CPU
		{410A2DF1-A9A3-0B7F-C570-6975F31C983B}.Release|Any CPU.Build.0 = Release|Any CPU
	EndGlobalSection
	GlobalSection(SolutionProperties) = preSolution
		HideSolutionNode = FALSE
	EndGlobalSection
EndGlobal
